
Microsoft Visual Studio Solution File, Format Version 12.00
# Visual Studio 2013
VisualStudioVersion = 12.0.30110.0
MinimumVisualStudioVersion = 10.0.40219.1
Project("{F088123C-0E9E-452A-89E6-6BA2F21D5CAC}") = "dxballs", "dxballs\dxballs.modelproj", "{473DA291-1B17-420A-AC64-D1E511CB866D}"
EndProject
Project("{FAE04EC0-301F-11D3-BF4B-00C04F79EFBC}") = "dxballsLib", "dxballsLib\dxballsLib.csproj", "{826F7EA0-0864-48B7-A578-99D35DB924A9}"
EndProject
Global
	GlobalSection(SolutionConfigurationPlatforms) = preSolution
		Debug|Any CPU = Debug|Any CPU
		Release|Any CPU = Release|Any CPU
	EndGlobalSection
	GlobalSection(ProjectConfigurationPlatforms) = postSolution
		{473DA291-1B17-420A-AC64-D1E511CB866D}.Debug|Any CPU.ActiveCfg = Debug|Any CPU
		{473DA291-1B17-420A-AC64-D1E511CB866D}.Debug|Any CPU.Build.0 = Debug|Any CPU
		{473DA291-1B17-420A-AC64-D1E511CB866D}.Release|Any CPU.ActiveCfg = Release|Any CPU
		{473DA291-1B17-420A-AC64-D1E511CB866D}.Release|Any CPU.Build.0 = Release|Any CPU
		{826F7EA0-0864-48B7-A578-99D35DB924A9}.Debug|Any CPU.ActiveCfg = Debug|Any CPU
		{826F7EA0-0864-48B7-A578-99D35DB924A9}.Debug|Any CPU.Build.0 = Debug|Any CPU
		{826F7EA0-0864-48B7-A578-99D35DB924A9}.Release|Any CPU.ActiveCfg = Release|Any CPU
		{826F7EA0-0864-48B7-A578-99D35DB924A9}.Release|Any CPU.Build.0 = Release|Any CPU
	EndGlobalSection
	GlobalSection(SolutionProperties) = preSolution
		HideSolutionNode = FALSE
	EndGlobalSection
EndGlobal
