
Microsoft Visual Studio Solution File, Format Version 12.00
# Visual Studio 2013
VisualStudioVersion = 12.0.30110.0
MinimumVisualStudioVersion = 10.0.40219.1
Project("{F088123C-0E9E-452A-89E6-6BA2F21D5CAC}") = "dxballs", "dxballs\dxballs.modelproj", "{473DA291-1B17-420A-AC64-D1E511CB866D}"
EndProject
Project("{FAE04EC0-301F-11D3-BF4B-00C04F79EFBC}") = "dxballslib", "dxballslib\dxballslib.csproj", "{400B8077-1228-4426-AE6B-9AAF8DF4795A}"
EndProject
Global
	GlobalSection(SolutionConfigurationPlatforms) = preSolution
		Debug|Any CPU = Debug|Any CPU
		Debug|ARM = Debug|ARM
		Debug|x64 = Debug|x64
		Debug|x86 = Debug|x86
		Release|Any CPU = Release|Any CPU
		Release|ARM = Release|ARM
		Release|x64 = Release|x64
		Release|x86 = Release|x86
	EndGlobalSection
	GlobalSection(ProjectConfigurationPlatforms) = postSolution
		{473DA291-1B17-420A-AC64-D1E511CB866D}.Debug|Any CPU.ActiveCfg = Debug|Any CPU
		{473DA291-1B17-420A-AC64-D1E511CB866D}.Debug|Any CPU.Build.0 = Debug|Any CPU
		{473DA291-1B17-420A-AC64-D1E511CB866D}.Debug|ARM.ActiveCfg = Debug|Any CPU
		{473DA291-1B17-420A-AC64-D1E511CB866D}.Debug|x64.ActiveCfg = Debug|Any CPU
		{473DA291-1B17-420A-AC64-D1E511CB866D}.Debug|x86.ActiveCfg = Debug|Any CPU
		{473DA291-1B17-420A-AC64-D1E511CB866D}.Release|Any CPU.ActiveCfg = Release|Any CPU
		{473DA291-1B17-420A-AC64-D1E511CB866D}.Release|Any CPU.Build.0 = Release|Any CPU
		{473DA291-1B17-420A-AC64-D1E511CB866D}.Release|ARM.ActiveCfg = Release|Any CPU
		{473DA291-1B17-420A-AC64-D1E511CB866D}.Release|x64.ActiveCfg = Release|Any CPU
		{473DA291-1B17-420A-AC64-D1E511CB866D}.Release|x86.ActiveCfg = Release|Any CPU
		{400B8077-1228-4426-AE6B-9AAF8DF4795A}.Debug|Any CPU.ActiveCfg = Debug|Any CPU
		{400B8077-1228-4426-AE6B-9AAF8DF4795A}.Debug|Any CPU.Build.0 = Debug|Any CPU
		{400B8077-1228-4426-AE6B-9AAF8DF4795A}.Debug|ARM.ActiveCfg = Debug|Any CPU
		{400B8077-1228-4426-AE6B-9AAF8DF4795A}.Debug|x64.ActiveCfg = Debug|Any CPU
		{400B8077-1228-4426-AE6B-9AAF8DF4795A}.Debug|x86.ActiveCfg = Debug|Any CPU
		{400B8077-1228-4426-AE6B-9AAF8DF4795A}.Release|Any CPU.ActiveCfg = Release|Any CPU
		{400B8077-1228-4426-AE6B-9AAF8DF4795A}.Release|Any CPU.Build.0 = Release|Any CPU
		{400B8077-1228-4426-AE6B-9AAF8DF4795A}.Release|ARM.ActiveCfg = Release|Any CPU
		{400B8077-1228-4426-AE6B-9AAF8DF4795A}.Release|x64.ActiveCfg = Release|Any CPU
		{400B8077-1228-4426-AE6B-9AAF8DF4795A}.Release|x86.ActiveCfg = Release|Any CPU
	EndGlobalSection
	GlobalSection(SolutionProperties) = preSolution
		HideSolutionNode = FALSE
	EndGlobalSection
EndGlobal
